
Microsoft Visual Studio Solution File, Format Version 12.00
# Visual Studio Version 17
VisualStudioVersion = 17.11.35303.130
MinimumVisualStudioVersion = 10.0.40219.1
Project("{FAE04EC0-301F-11D3-BF4B-00C04F79EFBC}") = "Lommeregner", "Lommeregner\Lommeregner.csproj", "{CC4E8B2A-BF51-4D78-B260-4479CF5B1649}"
EndProject
Global
	GlobalSection(SolutionConfigurationPlatforms) = preSolution
		Debug|Any CPU = Debug|Any CPU
		Release|Any CPU = Release|Any CPU
	EndGlobalSection
	GlobalSection(ProjectConfigurationPlatforms) = postSolution
		{CC4E8B2A-BF51-4D78-B260-4479CF5B1649}.Debug|Any CPU.ActiveCfg = Debug|Any CPU
		{CC4E8B2A-BF51-4D78-B260-4479CF5B1649}.Debug|Any CPU.Build.0 = Debug|Any CPU
		{CC4E8B2A-BF51-4D78-B260-4479CF5B1649}.Release|Any CPU.ActiveCfg = Release|Any CPU
		{CC4E8B2A-BF51-4D78-B260-4479CF5B1649}.Release|Any CPU.Build.0 = Release|Any CPU
	EndGlobalSection
	GlobalSection(SolutionProperties) = preSolution
		HideSolutionNode = FALSE
	EndGlobalSection
	GlobalSection(ExtensibilityGlobals) = postSolution
		SolutionGuid = {8B19BBFA-BA6E-4268-8EB5-0B88B3C93A15}
	EndGlobalSection
EndGlobal
